dependencies:
- name: mysql
  repository: https://charts.bitnami.com/bitnami
  version: 9.4.5
- name: common
  repository: https://charts.bitnami.com/bitnami
  version: 1.17.1
- name: clusterpedia-core
  repository: https://clusterpedia-io.github.io/clusterpedia-helm/
  version: 0.1.0
digest: sha256:6d5d18f89239c3a286e0822ad8b6904d63067553d6a960b61a262b8e3374bec4
generated: "2022-12-23T15:40:31.817123+08:00"
